// !$*UTF8*$!
{
	archiveVersion = 1;
	classes = {
	};
	objectVersion = 46;
	objects = {

/* Begin PBXAggregateTarget section */
		C764A808488C77627CCC822E /* All */ = {
			isa = PBXAggregateTarget;
			buildConfigurationList = 95DB00CE994EC607C5F2F4A5 /* Build configuration list for PBXAggregateTarget "All" */;
			buildPhases = (
			);
			dependencies = (
				F17BCB2155F862E69F9125FE /* PBXTargetDependency */,
				028C449922C33AC855A105E1 /* PBXTargetDependency */,
			);
			name = All;
			productName = All;
		};
/* End PBXAggregateTarget section */

/* Begin PBXBuildFile section */
		03E70B2BE16229E58E4603AA /* CoreFoundation_CFUUID.m in Sources */ = {isa = PBXBuildFile; fileRef = CA7EE53833E99AEF889DE446 /* CoreFoundation_CFUUID.m */; };
		04541305CC21D65363FFA1F6 /* CoreFoundation_CFError.m in Sources */ = {isa = PBXBuildFile; fileRef = C20EA58CD246FE9C682C0BE4 /* CoreFoundation_CFError.m */; };
		0AD7BAC0C5B09D3BE173C48A /* CoreFoundation_CFPreferences.m in Sources */ = {isa = PBXBuildFile; fileRef = 29E72C09F32F57AECB503081 /* CoreFoundation_CFPreferences.m */; };
		0F0184FC4345A64EA22CB0E7 /* CoreFoundation_CFMachPort.m in Sources */ = {isa = PBXBuildFile; fileRef = 31D6B43BD3BA5362CF563A2F /* CoreFoundation_CFMachPort.m */; };
		152A71A77BC14D15C5FB0670 /* NFIUtility.h in Headers */ = {isa = PBXBuildFile; fileRef = F9597E92125B418E78B2316A /* NFIUtility.h */; settings = {ATTRIBUTES = (Public, ); }; };
		16F6BCF44278D63F558EDA85 /* CoreFoundation_CFURLEnumerator.m in Sources */ = {isa = PBXBuildFile; fileRef = 51CFCACD7614237B4AB11154 /* CoreFoundation_CFURLEnumerator.m */; };
		1C34D98CBE500B4F04990892 /* CoreFoundation_CFStream.m in Sources */ = {isa = PBXBuildFile; fileRef = C6A62251873D8C4D05AF77CF /* CoreFoundation_CFStream.m */; };
		20209A30787BB18BF8469E27 /* CoreFoundation_CFURLAccess.m in Sources */ = {isa = PBXBuildFile; fileRef = 905A92BDEC6EC26D0E0AC815 /* CoreFoundation_CFURLAccess.m */; };
		235266C6E81CCC0A48BD67E1 /* NFICoreFoundationLoader.h in Headers */ = {isa = PBXBuildFile; fileRef = 4CE0E5C3435BB29115B50DBB /* NFICoreFoundationLoader.h */; settings = {ATTRIBUTES = (Public, ); }; };
		247E87BD35A7D4B960D0494E /* CoreFoundation_CFArray.m in Sources */ = {isa = PBXBuildFile; fileRef = 127E590346FE7C9E3C6BD730 /* CoreFoundation_CFArray.m */; };
		343B1095387BD732C97EE20E /* CallbackSupport.m in Sources */ = {isa = PBXBuildFile; fileRef = 84F39AD2D3ADECCFD10225AC /* CallbackSupport.m */; };
		36B8E1479B62D7B65DCD0C9D /* CoreFoundation_CFStringEncodingExt.m in Sources */ = {isa = PBXBuildFile; fileRef = AEF421174D0E30426701C87D /* CoreFoundation_CFStringEncodingExt.m */; };
		3F2AB4FB5A47DD0DBBC2794F /* CoreFoundation_CFByteOrder.m in Sources */ = {isa = PBXBuildFile; fileRef = 88587576AA33B5F0CFA71BB4 /* CoreFoundation_CFByteOrder.m */; };
		4A043367401BA886D013DD49 /* CoreFoundation_CFDate.m in Sources */ = {isa = PBXBuildFile; fileRef = B8154B86001C859B3E72A7B3 /* CoreFoundation_CFDate.m */; };
		5833C53DC530306E524978ED /* CoreFoundation_CFBinaryHeap.m in Sources */ = {isa = PBXBuildFile; fileRef = 0A6F16D3E438B3A5CA08CA21 /* CoreFoundation_CFBinaryHeap.m */; };
		5D5AEADA042CBEA8DA783A53 /* CoreFoundation_CFStringTokenizer.m in Sources */ = {isa = PBXBuildFile; fileRef = E70711275B15C481CB1CE8B1 /* CoreFoundation_CFStringTokenizer.m */; };
		6B1B0F87BC565824DF6DFE9A /* CoreFoundation_CFTree.m in Sources */ = {isa = PBXBuildFile; fileRef = 70D48765A1333A07C302B454 /* CoreFoundation_CFTree.m */; };
		6CB330A73F3CA217C07B4E94 /* CoreFoundation_CFBase.m in Sources */ = {isa = PBXBuildFile; fileRef = 49176635312B1ACDD3F0FE6F /* CoreFoundation_CFBase.m */; };
		6EF580EEE3E62E239DF464A3 /* CoreFoundation_CFPlugIn.m in Sources */ = {isa = PBXBuildFile; fileRef = 01F1D7BE2449939B28A7C5DC /* CoreFoundation_CFPlugIn.m */; };
		6F3D7005D968822C50C80CD2 /* CoreFoundation_CFCalendar.m in Sources */ = {isa = PBXBuildFile; fileRef = 8F31B40C213B66F59296AA03 /* CoreFoundation_CFCalendar.m */; };
		70360A88E3777C29BC034F46 /* CoreFoundation_CFPropertyList.m in Sources */ = {isa = PBXBuildFile; fileRef = AA5603E82A30D4BF171B06DF /* CoreFoundation_CFPropertyList.m */; };
		77EBB102DDA5B62EC8C6731F /* CoreFoundation_CFNumberFormatter.m in Sources */ = {isa = PBXBuildFile; fileRef = 071BD5DBF84FBAD66F80B698 /* CoreFoundation_CFNumberFormatter.m */; };
		84879F3F1FA1B987811FF426 /* CoreFoundation_CFUtilities.m in Sources */ = {isa = PBXBuildFile; fileRef = 28D80497B7B273991716DDF5 /* CoreFoundation_CFUtilities.m */; };
		8A8069C396F74D2CF469062E /* NFIUtility.framework in Frameworks */ = {isa = PBXBuildFile; fileRef = AEF7B5ABF9BB5CFEF01D4477 /* NFIUtility.framework */; };
		8AF8D85DABCAAC47B8C59E40 /* CoreFoundation_CFTimeZone.m in Sources */ = {isa = PBXBuildFile; fileRef = 670F62C5A75D181BDAF7AF78 /* CoreFoundation_CFTimeZone.m */; };
		98A7422CF56E6D1FDF234F1D /* CoreFoundation_CFAttributedString.m in Sources */ = {isa = PBXBuildFile; fileRef = 9A4AFC7D40B41B2E7766AA1A /* CoreFoundation_CFAttributedString.m */; };
		A37BA558BE68EEE04CC9D45C /* NFICoreFoundationLoader.m in Sources */ = {isa = PBXBuildFile; fileRef = 773EA3CAC8DBBF2721C4A2CF /* NFICoreFoundationLoader.m */; };
		A3DEB1A48A55C1AFB4F1A9E2 /* PointerSupport.m in Sources */ = {isa = PBXBuildFile; fileRef = 5B10BB9C033D4338C717B2A0 /* PointerSupport.m */; };
		AA9BA0D8E129B61D4D0C0A02 /* CoreFoundation_CFBitVector.m in Sources */ = {isa = PBXBuildFile; fileRef = D312A91451A90C6AB7791523 /* CoreFoundation_CFBitVector.m */; };
		B4B5DA8DA3BB64F5FF8ED198 /* CoreFoundation_CFDictionary.m in Sources */ = {isa = PBXBuildFile; fileRef = AEBE8D7C3AD3F068B5296CDF /* CoreFoundation_CFDictionary.m */; };
		B85EB94EA2F5C0650169E587 /* CoreFoundation_CFNotificationCenter.m in Sources */ = {isa = PBXBuildFile; fileRef = 4F45DD56F26398D4F7E30458 /* CoreFoundation_CFNotificationCenter.m */; };
		BB663E6813EB136F372E292A /* CoreFoundation_CFRunLoop.m in Sources */ = {isa = PBXBuildFile; fileRef = 0EAEF607FAC7116853A932D3 /* CoreFoundation_CFRunLoop.m */; };
		BCA04F37F8B395E57E04C589 /* CoreFoundation_CFLocale.m in Sources */ = {isa = PBXBuildFile; fileRef = EAE6C2E7D11AC82652417076 /* CoreFoundation_CFLocale.m */; };
		C39499BB89E4D8B7354D9655 /* CoreFoundation_CFString.m in Sources */ = {isa = PBXBuildFile; fileRef = 579B6F4CBFFA29A1D00454FF /* CoreFoundation_CFString.m */; };
		C3F9421FA60DC178F9667AF0 /* NFICoreFoundation.h in Headers */ = {isa = PBXBuildFile; fileRef = 16F2C5A9F38B91DFD26565F3 /* NFICoreFoundation.h */; settings = {ATTRIBUTES = (Public, ); }; };
		CBBAAEBCA2EB742956D3458F /* CoreFoundation_CFBag.m in Sources */ = {isa = PBXBuildFile; fileRef = 0AF3D9BA0EC771AC60E74A5A /* CoreFoundation_CFBag.m */; };
		CC7CA5135C111A80C7322152 /* CallbackSupport.h in Headers */ = {isa = PBXBuildFile; fileRef = D38231D0DE33EAFD8C574891 /* CallbackSupport.h */; settings = {ATTRIBUTES = (Public, ); }; };
		D4960F746F693A5202EAB570 /* CoreFoundation_CFCharacterSet.m in Sources */ = {isa = PBXBuildFile; fileRef = B40A599E295D504C2758A75F /* CoreFoundation_CFCharacterSet.m */; };
		D7E9371ECFF674DF9DB1D20E /* CoreFoundation_CFSocket.m in Sources */ = {isa = PBXBuildFile; fileRef = 9F42139246607FC02A64E197 /* CoreFoundation_CFSocket.m */; };
		DC9C9B4F4584DF40051CB21F /* CoreFoundation_CFSet.m in Sources */ = {isa = PBXBuildFile; fileRef = 429F5D28186EB9AA9466C705 /* CoreFoundation_CFSet.m */; };
		DFB39398ABD4CA72E14B313E /* CoreFoundation_CFMessagePort.m in Sources */ = {isa = PBXBuildFile; fileRef = A3B8CDA302EE6B788582A4CB /* CoreFoundation_CFMessagePort.m */; };
		DFB79AE1ED2EB8D9F0F1D171 /* CoreFoundation_CFURL.m in Sources */ = {isa = PBXBuildFile; fileRef = D7540B418698666C9284E173 /* CoreFoundation_CFURL.m */; };
		DFB97D44D855DA941F5FCA38 /* CoreFoundation_CFFileSecurity.m in Sources */ = {isa = PBXBuildFile; fileRef = 33AAD1744A4A97D241356393 /* CoreFoundation_CFFileSecurity.m */; };
		E11E042F4534E227E5A232DB /* CoreFoundation_CFFileDescriptor.m in Sources */ = {isa = PBXBuildFile; fileRef = 8F38EE3440F4FC540616B07A /* CoreFoundation_CFFileDescriptor.m */; };
		F2720F81F2A73407A9D4C2FC /* CoreFoundation_CFBundle.m in Sources */ = {isa = PBXBuildFile; fileRef = 4B4A459B0A19A9C52CF3D570 /* CoreFoundation_CFBundle.m */; };
		F3175F236860AAFF6F4963CF /* CoreFoundation_CFNumber.m in Sources */ = {isa = PBXBuildFile; fileRef = 653BBF5F04694631D625AD75 /* CoreFoundation_CFNumber.m */; };
		F8BE4DA368E0756DD0BC2003 /* CoreFoundation_CFData.m in Sources */ = {isa = PBXBuildFile; fileRef = 54C5BBEBF0DF5800E6050430 /* CoreFoundation_CFData.m */; };
		FBB6FB0C3AB7E88AC2461CE2 /* CoreFoundation_CFDateFormatter.m in Sources */ = {isa = PBXBuildFile; fileRef = FD628EB7A3E717E6CA456A72 /* CoreFoundation_CFDateFormatter.m */; };
		FC514E5D39E1CB9BBBF4A96E /* PointerSupport.h in Headers */ = {isa = PBXBuildFile; fileRef = AB9002AE8A95B090064245AC /* PointerSupport.h */; settings = {ATTRIBUTES = (Public, ); }; };
/* End PBXBuildFile section */

/* Begin PBXContainerItemProxy section */
		27B57CE55F6E10548EE4FA03 /* PBXContainerItemProxy */ = {
			isa = PBXContainerItemProxy;
			containerPortal = 78CF65CBBBB125367E89804F /* Project object */;
			proxyType = 1;
			remoteGlobalIDString = 0FE49043706C29612933E7BB;
			remoteInfo = NFICoreFoundation;
		};
		3308388E460D9187C96B0622 /* PBXContainerItemProxy */ = {
			isa = PBXContainerItemProxy;
			containerPortal = 78CF65CBBBB125367E89804F /* Project object */;
			proxyType = 1;
			remoteGlobalIDString = 7C478656A382488D1EB6BD2F;
			remoteInfo = NFIUtility;
		};
		754B6F3FD7CBEC1C35BE8EB1 /* PBXContainerItemProxy */ = {
			isa = PBXContainerItemProxy;
			containerPortal = 78CF65CBBBB125367E89804F /* Project object */;
			proxyType = 1;
			remoteGlobalIDString = 7C478656A382488D1EB6BD2F;
			remoteInfo = NFIUtility;
		};
/* End PBXContainerItemProxy section */

/* Begin PBXFileReference section */
		015BE2BB98F306F791F27FA7 /* CoreFoundation_CFDate_sr */ = {isa = PBXFileReference; lastKnownFileType = text; path = CoreFoundation_CFDate_sr; sourceTree = "<group>"; };
		01F1D7BE2449939B28A7C5DC /* CoreFoundation_CFPlugIn.m */ = {isa = PBXFileReference; lastKnownFileType = sourcecode.c.objc; path = CoreFoundation_CFPlugIn.m; sourceTree = "<group>"; };
		024842D03DC58A58B1017F9F /* classes */ = {isa = PBXFileReference; lastKnownFileType = text; path = classes; sourceTree = "<group>"; };
		04A916848495AE1363DAE0DF /* allheaders.h */ = {isa = PBXFileReference; lastKnownFileType = sourcecode.c.h; path = allheaders.h; sourceTree = "<group>"; };
		071BD5DBF84FBAD66F80B698 /* CoreFoundation_CFNumberFormatter.m */ = {isa = PBXFileReference; lastKnownFileType = sourcecode.c.objc; path = CoreFoundation_CFNumberFormatter.m; sourceTree = "<group>"; };
		0A6F16D3E438B3A5CA08CA21 /* CoreFoundation_CFBinaryHeap.m */ = {isa = PBXFileReference; lastKnownFileType = sourcecode.c.objc; path = CoreFoundation_CFBinaryHeap.m; sourceTree = "<group>"; };
		0AF3D9BA0EC771AC60E74A5A /* CoreFoundation_CFBag.m */ = {isa = PBXFileReference; lastKnownFileType = sourcecode.c.objc; path = CoreFoundation_CFBag.m; sourceTree = "<group>"; };
		0CC748E4E87068A7E0650897 /* CoreFoundation_CFNotificationCenter.h */ = {isa = PBXFileReference; lastKnownFileType = sourcecode.c.h; path = CoreFoundation_CFNotificationCenter.h; sourceTree = "<group>"; };
		0DA565A59DB3883A0C698848 /* parts */ = {isa = PBXFileReference; lastKnownFileType = text; path = parts; sourceTree = "<group>"; };
		0EAEF607FAC7116853A932D3 /* CoreFoundation_CFRunLoop.m */ = {isa = PBXFileReference; lastKnownFileType = sourcecode.c.objc; path = CoreFoundation_CFRunLoop.m; sourceTree = "<group>"; };
		127E590346FE7C9E3C6BD730 /* CoreFoundation_CFArray.m */ = {isa = PBXFileReference; lastKnownFileType = sourcecode.c.objc; path = CoreFoundation_CFArray.m; sourceTree = "<group>"; };
		14686CA6E68BD8F1391F833A /* CoreFoundation_CFStream_sr */ = {isa = PBXFileReference; lastKnownFileType = text; path = CoreFoundation_CFStream_sr; sourceTree = "<group>"; };
		159208AFEC184CDF591229CA /* CoreFoundation_CFUUID.h */ = {isa = PBXFileReference; lastKnownFileType = sourcecode.c.h; path = CoreFoundation_CFUUID.h; sourceTree = "<group>"; };
		16F2C5A9F38B91DFD26565F3 /* NFICoreFoundation.h */ = {isa = PBXFileReference; lastKnownFileType = sourcecode.c.h; path = NFICoreFoundation.h; sourceTree = "<group>"; };
		1B53A73FEEBB129981665FB7 /* CoreFoundation_CFFileDescriptor.h */ = {isa = PBXFileReference; lastKnownFileType = sourcecode.c.h; path = CoreFoundation_CFFileDescriptor.h; sourceTree = "<group>"; };
		244452A9B71B5B7E473698D4 /* CoreFoundation_CFSocket.h */ = {isa = PBXFileReference; lastKnownFileType = sourcecode.c.h; path = CoreFoundation_CFSocket.h; sourceTree = "<group>"; };
		25419C4C008965F09E1DC18A /* CoreFoundation_CFUUID_sr */ = {isa = PBXFileReference; lastKnownFileType = text; path = CoreFoundation_CFUUID_sr; sourceTree = "<group>"; };
		28D80497B7B273991716DDF5 /* CoreFoundation_CFUtilities.m */ = {isa = PBXFileReference; lastKnownFileType = sourcecode.c.objc; path = CoreFoundation_CFUtilities.m; sourceTree = "<group>"; };
		29E72C09F32F57AECB503081 /* CoreFoundation_CFPreferences.m */ = {isa = PBXFileReference; lastKnownFileType = sourcecode.c.objc; path = CoreFoundation_CFPreferences.m; sourceTree = "<group>"; };
		31D6B43BD3BA5362CF563A2F /* CoreFoundation_CFMachPort.m */ = {isa = PBXFileReference; lastKnownFileType = sourcecode.c.objc; path = CoreFoundation_CFMachPort.m; sourceTree = "<group>"; };
		33AAD1744A4A97D241356393 /* CoreFoundation_CFFileSecurity.m */ = {isa = PBXFileReference; lastKnownFileType = sourcecode.c.objc; path = CoreFoundation_CFFileSecurity.m; sourceTree = "<group>"; };
		355CF986B16EB8ED8620083D /* NFICoreFoundation.framework */ = {isa = PBXFileReference; explicitFileType = wrapper.framework; includeInIndex = 0; path = NFICoreFoundation.framework; sourceTree = BUILT_PRODUCTS_DIR; };
		35BE1A17E6C62BC2726E7FF6 /* CoreFoundation_CFError.h */ = {isa = PBXFileReference; lastKnownFileType = sourcecode.c.h; path = CoreFoundation_CFError.h; sourceTree = "<group>"; };
		3600A71AD5CF061C4DE3C06F /* CoreFoundation_CFPreferences.h */ = {isa = PBXFileReference; lastKnownFileType = sourcecode.c.h; path = CoreFoundation_CFPreferences.h; sourceTree = "<group>"; };
		364399960BBBDCD3B63BA2A8 /* CoreFoundation_CFMachPort.h */ = {isa = PBXFileReference; lastKnownFileType = sourcecode.c.h; path = CoreFoundation_CFMachPort.h; sourceTree = "<group>"; };
		36A0875C83A7E8AD41168060 /* CoreFoundation_CFDictionary.h */ = {isa = PBXFileReference; lastKnownFileType = sourcecode.c.h; path = CoreFoundation_CFDictionary.h; sourceTree = "<group>"; };
		37169A6AE3B832BEF2608ADF /* CoreFoundation_CFNumber.h */ = {isa = PBXFileReference; lastKnownFileType = sourcecode.c.h; path = CoreFoundation_CFNumber.h; sourceTree = "<group>"; };
		3A7199DF417E543FF679E080 /* CoreFoundation_CFURLEnumerator.h */ = {isa = PBXFileReference; lastKnownFileType = sourcecode.c.h; path = CoreFoundation_CFURLEnumerator.h; sourceTree = "<group>"; };
		429F5D28186EB9AA9466C705 /* CoreFoundation_CFSet.m */ = {isa = PBXFileReference; lastKnownFileType = sourcecode.c.objc; path = CoreFoundation_CFSet.m; sourceTree = "<group>"; };
		43B98E27C330F588BE04EB09 /* CoreFoundation_CFBase.h */ = {isa = PBXFileReference; lastKnownFileType = sourcecode.c.h; path = CoreFoundation_CFBase.h; sourceTree = "<group>"; };
		474DEBB1167B269DD0223406 /* CoreFoundation_CFNumberFormatter.h */ = {isa = PBXFileReference; lastKnownFileType = sourcecode.c.h; path = CoreFoundation_CFNumberFormatter.h; sourceTree = "<group>"; };
		49176635312B1ACDD3F0FE6F /* CoreFoundation_CFBase.m */ = {isa = PBXFileReference; lastKnownFileType = sourcecode.c.objc; path = CoreFoundation_CFBase.m; sourceTree = "<group>"; };
		4B4A459B0A19A9C52CF3D570 /* CoreFoundation_CFBundle.m */ = {isa = PBXFileReference; lastKnownFileType = sourcecode.c.objc; path = CoreFoundation_CFBundle.m; sourceTree = "<group>"; };
		4CE0E5C3435BB29115B50DBB /* NFICoreFoundationLoader.h */ = {isa = PBXFileReference; lastKnownFileType = sourcecode.c.h; path = NFICoreFoundationLoader.h; sourceTree = "<group>"; };
		4D6B8644237739D40A990E7B /* protocols */ = {isa = PBXFileReference; lastKnownFileType = text; path = protocols; sourceTree = "<group>"; };
		4E8E817819BA7807EB0E1CF0 /* CoreFoundation_CFPlugIn.h */ = {isa = PBXFileReference; lastKnownFileType = sourcecode.c.h; path = CoreFoundation_CFPlugIn.h; sourceTree = "<group>"; };
		4F45DD56F26398D4F7E30458 /* CoreFoundation_CFNotificationCenter.m */ = {isa = PBXFileReference; lastKnownFileType = sourcecode.c.objc; path = CoreFoundation_CFNotificationCenter.m; sourceTree = "<group>"; };
		51CFCACD7614237B4AB11154 /* CoreFoundation_CFURLEnumerator.m */ = {isa = PBXFileReference; lastKnownFileType = sourcecode.c.objc; path = CoreFoundation_CFURLEnumerator.m; sourceTree = "<group>"; };
		53881FF89086533F393221ED /* CoreFoundation_CFStringEncodingExt.h */ = {isa = PBXFileReference; lastKnownFileType = sourcecode.c.h; path = CoreFoundation_CFStringEncodingExt.h; sourceTree = "<group>"; };
		53D1C39C6FF3A96A5D92EABD /* CoreFoundation_CFMessagePort.h */ = {isa = PBXFileReference; lastKnownFileType = sourcecode.c.h; path = CoreFoundation_CFMessagePort.h; sourceTree = "<group>"; };
		54C5BBEBF0DF5800E6050430 /* CoreFoundation_CFData.m */ = {isa = PBXFileReference; lastKnownFileType = sourcecode.c.objc; path = CoreFoundation_CFData.m; sourceTree = "<group>"; };
		579B6F4CBFFA29A1D00454FF /* CoreFoundation_CFString.m */ = {isa = PBXFileReference; lastKnownFileType = sourcecode.c.objc; path = CoreFoundation_CFString.m; sourceTree = "<group>"; };
		5B10BB9C033D4338C717B2A0 /* PointerSupport.m */ = {isa = PBXFileReference; lastKnownFileType = sourcecode.c.objc; path = PointerSupport.m; sourceTree = "<group>"; };
		653BBF5F04694631D625AD75 /* CoreFoundation_CFNumber.m */ = {isa = PBXFileReference; lastKnownFileType = sourcecode.c.objc; path = CoreFoundation_CFNumber.m; sourceTree = "<group>"; };
		670F62C5A75D181BDAF7AF78 /* CoreFoundation_CFTimeZone.m */ = {isa = PBXFileReference; lastKnownFileType = sourcecode.c.objc; path = CoreFoundation_CFTimeZone.m; sourceTree = "<group>"; };
		70D48765A1333A07C302B454 /* CoreFoundation_CFTree.m */ = {isa = PBXFileReference; lastKnownFileType = sourcecode.c.objc; path = CoreFoundation_CFTree.m; sourceTree = "<group>"; };
		7158E9721D10F83032422565 /* CoreFoundation_CFUtilities.h */ = {isa = PBXFileReference; lastKnownFileType = sourcecode.c.h; path = CoreFoundation_CFUtilities.h; sourceTree = "<group>"; };
		773EA3CAC8DBBF2721C4A2CF /* NFICoreFoundationLoader.m */ = {isa = PBXFileReference; lastKnownFileType = sourcecode.c.objc; path = NFICoreFoundationLoader.m; sourceTree = "<group>"; };
		7A2967EF1B6C224EFEC062FB /* CoreFoundation_CFByteOrder.h */ = {isa = PBXFileReference; lastKnownFileType = sourcecode.c.h; path = CoreFoundation_CFByteOrder.h; sourceTree = "<group>"; };
		7A5A1BD22F56F6EA9A554F14 /* CoreFoundation_CFDateFormatter.h */ = {isa = PBXFileReference; lastKnownFileType = sourcecode.c.h; path = CoreFoundation_CFDateFormatter.h; sourceTree = "<group>"; };
		84F39AD2D3ADECCFD10225AC /* CallbackSupport.m */ = {isa = PBXFileReference; lastKnownFileType = sourcecode.c.objc; path = CallbackSupport.m; sourceTree = "<group>"; };
		85758A6353D03402CD4D6B17 /* CoreFoundation_CFDate.h */ = {isa = PBXFileReference; lastKnownFileType = sourcecode.c.h; path = CoreFoundation_CFDate.h; sourceTree = "<group>"; };
		88587576AA33B5F0CFA71BB4 /* CoreFoundation_CFByteOrder.m */ = {isa = PBXFileReference; lastKnownFileType = sourcecode.c.objc; path = CoreFoundation_CFByteOrder.m; sourceTree = "<group>"; };
		8A726FB47703862774EF23F1 /* CoreFoundation_CFStream.h */ = {isa = PBXFileReference; lastKnownFileType = sourcecode.c.h; path = CoreFoundation_CFStream.h; sourceTree = "<group>"; };
		8B7299DE4544EBF0F34F9274 /* CoreFoundation_CFByteOrder_sr */ = {isa = PBXFileReference; lastKnownFileType = text; path = CoreFoundation_CFByteOrder_sr; sourceTree = "<group>"; };
		8F31B40C213B66F59296AA03 /* CoreFoundation_CFCalendar.m */ = {isa = PBXFileReference; lastKnownFileType = sourcecode.c.objc; path = CoreFoundation_CFCalendar.m; sourceTree = "<group>"; };
		8F38EE3440F4FC540616B07A /* CoreFoundation_CFFileDescriptor.m */ = {isa = PBXFileReference; lastKnownFileType = sourcecode.c.objc; path = CoreFoundation_CFFileDescriptor.m; sourceTree = "<group>"; };
		905A92BDEC6EC26D0E0AC815 /* CoreFoundation_CFURLAccess.m */ = {isa = PBXFileReference; lastKnownFileType = sourcecode.c.objc; path = CoreFoundation_CFURLAccess.m; sourceTree = "<group>"; };
		9A4AFC7D40B41B2E7766AA1A /* CoreFoundation_CFAttributedString.m */ = {isa = PBXFileReference; lastKnownFileType = sourcecode.c.objc; path = CoreFoundation_CFAttributedString.m; sourceTree = "<group>"; };
		9C23F4D92E533EB474A4DB4C /* parts_sa */ = {isa = PBXFileReference; lastKnownFileType = text; path = parts_sa; sourceTree = "<group>"; };
		9F42139246607FC02A64E197 /* CoreFoundation_CFSocket.m */ = {isa = PBXFileReference; lastKnownFileType = sourcecode.c.objc; path = CoreFoundation_CFSocket.m; sourceTree = "<group>"; };
		A3B8CDA302EE6B788582A4CB /* CoreFoundation_CFMessagePort.m */ = {isa = PBXFileReference; lastKnownFileType = sourcecode.c.objc; path = CoreFoundation_CFMessagePort.m; sourceTree = "<group>"; };
		A6B739B759DA6AE3388ADF75 /* CoreFoundation_CFData.h */ = {isa = PBXFileReference; lastKnownFileType = sourcecode.c.h; path = CoreFoundation_CFData.h; sourceTree = "<group>"; };
		A8344FD2F7BA07B20312FA75 /* CoreFoundation_CFLocale.h */ = {isa = PBXFileReference; lastKnownFileType = sourcecode.c.h; path = CoreFoundation_CFLocale.h; sourceTree = "<group>"; };
		A92294AE9959F3B0B5D25F35 /* Foundation_NSObject.h */ = {isa = PBXFileReference; lastKnownFileType = sourcecode.c.h; path = Foundation_NSObject.h; sourceTree = "<group>"; };
		A972B99EF2FF2FB33058EFC3 /* CoreFoundation_CFCalendar.h */ = {isa = PBXFileReference; lastKnownFileType = sourcecode.c.h; path = CoreFoundation_CFCalendar.h; sourceTree = "<group>"; };
		AA5603E82A30D4BF171B06DF /* CoreFoundation_CFPropertyList.m */ = {isa = PBXFileReference; lastKnownFileType = sourcecode.c.objc; path = CoreFoundation_CFPropertyList.m; sourceTree = "<group>"; };
		AB9002AE8A95B090064245AC /* PointerSupport.h */ = {isa = PBXFileReference; lastKnownFileType = sourcecode.c.h; path = PointerSupport.h; sourceTree = "<group>"; };
		AD4FE08E3F3DD852F516C612 /* CoreFoundation_CFBag.h */ = {isa = PBXFileReference; lastKnownFileType = sourcecode.c.h; path = CoreFoundation_CFBag.h; sourceTree = "<group>"; };
		AD5CEC4ABEEC509D38A1093A /* CoreFoundation_CFBinaryHeap.h */ = {isa = PBXFileReference; lastKnownFileType = sourcecode.c.h; path = CoreFoundation_CFBinaryHeap.h; sourceTree = "<group>"; };
		AEBE8D7C3AD3F068B5296CDF /* CoreFoundation_CFDictionary.m */ = {isa = PBXFileReference; lastKnownFileType = sourcecode.c.objc; path = CoreFoundation_CFDictionary.m; sourceTree = "<group>"; };
		AEF421174D0E30426701C87D /* CoreFoundation_CFStringEncodingExt.m */ = {isa = PBXFileReference; lastKnownFileType = sourcecode.c.objc; path = CoreFoundation_CFStringEncodingExt.m; sourceTree = "<group>"; };
		AEF7B5ABF9BB5CFEF01D4477 /* NFIUtility.framework */ = {isa = PBXFileReference; explicitFileType = wrapper.framework; includeInIndex = 0; path = NFIUtility.framework; sourceTree = BUILT_PRODUCTS_DIR; };
		B40A599E295D504C2758A75F /* CoreFoundation_CFCharacterSet.m */ = {isa = PBXFileReference; lastKnownFileType = sourcecode.c.objc; path = CoreFoundation_CFCharacterSet.m; sourceTree = "<group>"; };
		B4D7722D73582111D0411450 /* CoreFoundation_CFCharacterSet.h */ = {isa = PBXFileReference; lastKnownFileType = sourcecode.c.h; path = CoreFoundation_CFCharacterSet.h; sourceTree = "<group>"; };
		B8154B86001C859B3E72A7B3 /* CoreFoundation_CFDate.m */ = {isa = PBXFileReference; lastKnownFileType = sourcecode.c.objc; path = CoreFoundation_CFDate.m; sourceTree = "<group>"; };
		B8FF2133D8A384BB2DCB40B8 /* CoreFoundation_CFBitVector.h */ = {isa = PBXFileReference; lastKnownFileType = sourcecode.c.h; path = CoreFoundation_CFBitVector.h; sourceTree = "<group>"; };
		BAD126FA439EB3BD364779C5 /* CoreFoundation_CFAttributedString.h */ = {isa = PBXFileReference; lastKnownFileType = sourcecode.c.h; path = CoreFoundation_CFAttributedString.h; sourceTree = "<group>"; };
		BB7F1C09F5180C8CF07895DC /* CoreFoundation_CFArray.h */ = {isa = PBXFileReference; lastKnownFileType = sourcecode.c.h; path = CoreFoundation_CFArray.h; sourceTree = "<group>"; };
		C133F13D6815A0F449182C5A /* CoreFoundation_CFFileSecurity.h */ = {isa = PBXFileReference; lastKnownFileType = sourcecode.c.h; path = CoreFoundation_CFFileSecurity.h; sourceTree = "<group>"; };
		C1587A956ADE16ED260C1909 /* CoreFoundation_CFPropertyList.h */ = {isa = PBXFileReference; lastKnownFileType = sourcecode.c.h; path = CoreFoundation_CFPropertyList.h; sourceTree = "<group>"; };
		C19F95894FF0A42AAC92AA78 /* CoreFoundation_CFByteOrder_sa */ = {isa = PBXFileReference; lastKnownFileType = text; path = CoreFoundation_CFByteOrder_sa; sourceTree = "<group>"; };
		C20EA58CD246FE9C682C0BE4 /* CoreFoundation_CFError.m */ = {isa = PBXFileReference; lastKnownFileType = sourcecode.c.objc; path = CoreFoundation_CFError.m; sourceTree = "<group>"; };
		C65624778F2F8BA1F0720FDD /* CoreFoundation_CFBundle.h */ = {isa = PBXFileReference; lastKnownFileType = sourcecode.c.h; path = CoreFoundation_CFBundle.h; sourceTree = "<group>"; };
		C6A62251873D8C4D05AF77CF /* CoreFoundation_CFStream.m */ = {isa = PBXFileReference; lastKnownFileType = sourcecode.c.objc; path = CoreFoundation_CFStream.m; sourceTree = "<group>"; };
		CA7EE53833E99AEF889DE446 /* CoreFoundation_CFUUID.m */ = {isa = PBXFileReference; lastKnownFileType = sourcecode.c.objc; path = CoreFoundation_CFUUID.m; sourceTree = "<group>"; };
		CB411B0CF16AF479C9B009F2 /* NFISimulator.gyp */ = {isa = PBXFileReference; explicitFileType = sourcecode; path = NFISimulator.gyp; sourceTree = "<group>"; };
		CD9D76B5E6AD1BA0E40F5EF7 /* CoreFoundation_CFSet.h */ = {isa = PBXFileReference; lastKnownFileType = sourcecode.c.h; path = CoreFoundation_CFSet.h; sourceTree = "<group>"; };
		D312A91451A90C6AB7791523 /* CoreFoundation_CFBitVector.m */ = {isa = PBXFileReference; lastKnownFileType = sourcecode.c.objc; path = CoreFoundation_CFBitVector.m; sourceTree = "<group>"; };
		D38231D0DE33EAFD8C574891 /* CallbackSupport.h */ = {isa = PBXFileReference; lastKnownFileType = sourcecode.c.h; path = CallbackSupport.h; sourceTree = "<group>"; };
		D7540B418698666C9284E173 /* CoreFoundation_CFURL.m */ = {isa = PBXFileReference; lastKnownFileType = sourcecode.c.objc; path = CoreFoundation_CFURL.m; sourceTree = "<group>"; };
		DA530C27C78287D9F1D2521D /* CoreFoundation_CFStringTokenizer.h */ = {isa = PBXFileReference; lastKnownFileType = sourcecode.c.h; path = CoreFoundation_CFStringTokenizer.h; sourceTree = "<group>"; };
		DE9751766A1D3C3F7AD1499E /* CoreFoundation_CFTimeZone.h */ = {isa = PBXFileReference; lastKnownFileType = sourcecode.c.h; path = CoreFoundation_CFTimeZone.h; sourceTree = "<group>"; };
		DF2D34B7EC6018F4B09B0952 /* parts_sr */ = {isa = PBXFileReference; lastKnownFileType = text; path = parts_sr; sourceTree = "<group>"; };
		E0264FBF95CD016EDBA91273 /* CoreFoundation_CFURL.h */ = {isa = PBXFileReference; lastKnownFileType = sourcecode.c.h; path = CoreFoundation_CFURL.h; sourceTree = "<group>"; };
		E2DE21E792470277A609CC34 /* CoreFoundation_CFBase_sr */ = {isa = PBXFileReference; lastKnownFileType = text; path = CoreFoundation_CFBase_sr; sourceTree = "<group>"; };
		E4FBAA97E00707C45F2CE93F /* CoreFoundation_CFURLAccess.h */ = {isa = PBXFileReference; lastKnownFileType = sourcecode.c.h; path = CoreFoundation_CFURLAccess.h; sourceTree = "<group>"; };
		E6C4E528F9A105F8913B5FE1 /* CoreFoundation_CFString.h */ = {isa = PBXFileReference; lastKnownFileType = sourcecode.c.h; path = CoreFoundation_CFString.h; sourceTree = "<group>"; };
		E70711275B15C481CB1CE8B1 /* CoreFoundation_CFStringTokenizer.m */ = {isa = PBXFileReference; lastKnownFileType = sourcecode.c.objc; path = CoreFoundation_CFStringTokenizer.m; sourceTree = "<group>"; };
		EAE6C2E7D11AC82652417076 /* CoreFoundation_CFLocale.m */ = {isa = PBXFileReference; lastKnownFileType = sourcecode.c.objc; path = CoreFoundation_CFLocale.m; sourceTree = "<group>"; };
		ED65D576E1C9757760EB1B6B /* CoreFoundation_CFBase_sa */ = {isa = PBXFileReference; lastKnownFileType = text; path = CoreFoundation_CFBase_sa; sourceTree = "<group>"; };
		ED72658FCDABD734F7DBA627 /* CoreFoundation_CFStream_sa */ = {isa = PBXFileReference; lastKnownFileType = text; path = CoreFoundation_CFStream_sa; sourceTree = "<group>"; };
		EF356C0064EFB9A1A00980AB /* allprotos.h */ = {isa = PBXFileReference; lastKnownFileType = sourcecode.c.h; path = allprotos.h; sourceTree = "<group>"; };
		EF999B74FE18C5C9BEABC33F /* CoreFoundation_CFTree.h */ = {isa = PBXFileReference; lastKnownFileType = sourcecode.c.h; path = CoreFoundation_CFTree.h; sourceTree = "<group>"; };
		F1223B9614E1FB4C4FA6938D /* CoreFoundation_CFDate_sa */ = {isa = PBXFileReference; lastKnownFileType = text; path = CoreFoundation_CFDate_sa; sourceTree = "<group>"; };
		F9597E92125B418E78B2316A /* NFIUtility.h */ = {isa = PBXFileReference; lastKnownFileType = sourcecode.c.h; path = NFIUtility.h; sourceTree = "<group>"; };
		FAB352730BB218B083CBC4B2 /* CoreFoundation_CFUUID_sa */ = {isa = PBXFileReference; lastKnownFileType = text; path = CoreFoundation_CFUUID_sa; sourceTree = "<group>"; };
		FC7E92334FA05EA814BEA5E5 /* CoreFoundation_CFRunLoop.h */ = {isa = PBXFileReference; lastKnownFileType = sourcecode.c.h; path = CoreFoundation_CFRunLoop.h; sourceTree = "<group>"; };
		FD1D68BEA490A043D03FD28B /* allincludes.h */ = {isa = PBXFileReference; lastKnownFileType = sourcecode.c.h; path = allincludes.h; sourceTree = "<group>"; };
		FD628EB7A3E717E6CA456A72 /* CoreFoundation_CFDateFormatter.m */ = {isa = PBXFileReference; lastKnownFileType = sourcecode.c.objc; path = CoreFoundation_CFDateFormatter.m; sourceTree = "<group>"; };
/* End PBXFileReference section */

/* Begin PBXFrameworksBuildPhase section */
		BAD57A533763DFA1B0D4B878 /* Frameworks */ = {
			isa = PBXFrameworksBuildPhase;
			buildActionMask = 2147483647;
			files = (
			);
			runOnlyForDeploymentPostprocessing = 0;
		};
		E2AE7655CD946CE6FC629C25 /* Frameworks */ = {
			isa = PBXFrameworksBuildPhase;
			buildActionMask = 2147483647;
			files = (
				8A8069C396F74D2CF469062E /* NFIUtility.framework in Frameworks */,
			);
			runOnlyForDeploymentPostprocessing = 0;
		};
/* End PBXFrameworksBuildPhase section */

/* Begin PBXGroup section */
		184E53332F8B7AC0FF38AE56 = {
			isa = PBXGroup;
			children = (
				4E18F57016EF1F4DC6505687 /* Source */,
				C0721B21AE4061B1F4477761 /* Products */,
				A161E65C41EEBF05DB6A2874 /* Build */,
			);
			sourceTree = "<group>";
		};
		4E18F57016EF1F4DC6505687 /* Source */ = {
			isa = PBXGroup;
			children = (
				DFF48FC583D3EA802FDD6893 /* ../src/NFIUtility */,
				8355EF80DAC2B4B9CB54C208 /* CoreFoundation/simulator */,
			);
			name = Source;
			sourceTree = "<group>";
		};
		8355EF80DAC2B4B9CB54C208 /* CoreFoundation/simulator */ = {
			isa = PBXGroup;
			children = (
				BB7F1C09F5180C8CF07895DC /* CoreFoundation_CFArray.h */,
				127E590346FE7C9E3C6BD730 /* CoreFoundation_CFArray.m */,
				BAD126FA439EB3BD364779C5 /* CoreFoundation_CFAttributedString.h */,
				9A4AFC7D40B41B2E7766AA1A /* CoreFoundation_CFAttributedString.m */,
				AD4FE08E3F3DD852F516C612 /* CoreFoundation_CFBag.h */,
				0AF3D9BA0EC771AC60E74A5A /* CoreFoundation_CFBag.m */,
				43B98E27C330F588BE04EB09 /* CoreFoundation_CFBase.h */,
				49176635312B1ACDD3F0FE6F /* CoreFoundation_CFBase.m */,
				ED65D576E1C9757760EB1B6B /* CoreFoundation_CFBase_sa */,
				E2DE21E792470277A609CC34 /* CoreFoundation_CFBase_sr */,
				AD5CEC4ABEEC509D38A1093A /* CoreFoundation_CFBinaryHeap.h */,
				0A6F16D3E438B3A5CA08CA21 /* CoreFoundation_CFBinaryHeap.m */,
				B8FF2133D8A384BB2DCB40B8 /* CoreFoundation_CFBitVector.h */,
				D312A91451A90C6AB7791523 /* CoreFoundation_CFBitVector.m */,
				C65624778F2F8BA1F0720FDD /* CoreFoundation_CFBundle.h */,
				4B4A459B0A19A9C52CF3D570 /* CoreFoundation_CFBundle.m */,
				7A2967EF1B6C224EFEC062FB /* CoreFoundation_CFByteOrder.h */,
				88587576AA33B5F0CFA71BB4 /* CoreFoundation_CFByteOrder.m */,
				C19F95894FF0A42AAC92AA78 /* CoreFoundation_CFByteOrder_sa */,
				8B7299DE4544EBF0F34F9274 /* CoreFoundation_CFByteOrder_sr */,
				A972B99EF2FF2FB33058EFC3 /* CoreFoundation_CFCalendar.h */,
				8F31B40C213B66F59296AA03 /* CoreFoundation_CFCalendar.m */,
				B4D7722D73582111D0411450 /* CoreFoundation_CFCharacterSet.h */,
				B40A599E295D504C2758A75F /* CoreFoundation_CFCharacterSet.m */,
				A6B739B759DA6AE3388ADF75 /* CoreFoundation_CFData.h */,
				54C5BBEBF0DF5800E6050430 /* CoreFoundation_CFData.m */,
				85758A6353D03402CD4D6B17 /* CoreFoundation_CFDate.h */,
				B8154B86001C859B3E72A7B3 /* CoreFoundation_CFDate.m */,
				7A5A1BD22F56F6EA9A554F14 /* CoreFoundation_CFDateFormatter.h */,
				FD628EB7A3E717E6CA456A72 /* CoreFoundation_CFDateFormatter.m */,
				F1223B9614E1FB4C4FA6938D /* CoreFoundation_CFDate_sa */,
				015BE2BB98F306F791F27FA7 /* CoreFoundation_CFDate_sr */,
				36A0875C83A7E8AD41168060 /* CoreFoundation_CFDictionary.h */,
				AEBE8D7C3AD3F068B5296CDF /* CoreFoundation_CFDictionary.m */,
				35BE1A17E6C62BC2726E7FF6 /* CoreFoundation_CFError.h */,
				C20EA58CD246FE9C682C0BE4 /* CoreFoundation_CFError.m */,
				1B53A73FEEBB129981665FB7 /* CoreFoundation_CFFileDescriptor.h */,
				8F38EE3440F4FC540616B07A /* CoreFoundation_CFFileDescriptor.m */,
				C133F13D6815A0F449182C5A /* CoreFoundation_CFFileSecurity.h */,
				33AAD1744A4A97D241356393 /* CoreFoundation_CFFileSecurity.m */,
				A8344FD2F7BA07B20312FA75 /* CoreFoundation_CFLocale.h */,
				EAE6C2E7D11AC82652417076 /* CoreFoundation_CFLocale.m */,
				364399960BBBDCD3B63BA2A8 /* CoreFoundation_CFMachPort.h */,
				31D6B43BD3BA5362CF563A2F /* CoreFoundation_CFMachPort.m */,
				53D1C39C6FF3A96A5D92EABD /* CoreFoundation_CFMessagePort.h */,
				A3B8CDA302EE6B788582A4CB /* CoreFoundation_CFMessagePort.m */,
				0CC748E4E87068A7E0650897 /* CoreFoundation_CFNotificationCenter.h */,
				4F45DD56F26398D4F7E30458 /* CoreFoundation_CFNotificationCenter.m */,
				37169A6AE3B832BEF2608ADF /* CoreFoundation_CFNumber.h */,
				653BBF5F04694631D625AD75 /* CoreFoundation_CFNumber.m */,
				474DEBB1167B269DD0223406 /* CoreFoundation_CFNumberFormatter.h */,
				071BD5DBF84FBAD66F80B698 /* CoreFoundation_CFNumberFormatter.m */,
				4E8E817819BA7807EB0E1CF0 /* CoreFoundation_CFPlugIn.h */,
				01F1D7BE2449939B28A7C5DC /* CoreFoundation_CFPlugIn.m */,
				3600A71AD5CF061C4DE3C06F /* CoreFoundation_CFPreferences.h */,
				29E72C09F32F57AECB503081 /* CoreFoundation_CFPreferences.m */,
				C1587A956ADE16ED260C1909 /* CoreFoundation_CFPropertyList.h */,
				AA5603E82A30D4BF171B06DF /* CoreFoundation_CFPropertyList.m */,
				FC7E92334FA05EA814BEA5E5 /* CoreFoundation_CFRunLoop.h */,
				0EAEF607FAC7116853A932D3 /* CoreFoundation_CFRunLoop.m */,
				CD9D76B5E6AD1BA0E40F5EF7 /* CoreFoundation_CFSet.h */,
				429F5D28186EB9AA9466C705 /* CoreFoundation_CFSet.m */,
				244452A9B71B5B7E473698D4 /* CoreFoundation_CFSocket.h */,
				9F42139246607FC02A64E197 /* CoreFoundation_CFSocket.m */,
				8A726FB47703862774EF23F1 /* CoreFoundation_CFStream.h */,
				C6A62251873D8C4D05AF77CF /* CoreFoundation_CFStream.m */,
				ED72658FCDABD734F7DBA627 /* CoreFoundation_CFStream_sa */,
				14686CA6E68BD8F1391F833A /* CoreFoundation_CFStream_sr */,
				E6C4E528F9A105F8913B5FE1 /* CoreFoundation_CFString.h */,
				579B6F4CBFFA29A1D00454FF /* CoreFoundation_CFString.m */,
				53881FF89086533F393221ED /* CoreFoundation_CFStringEncodingExt.h */,
				AEF421174D0E30426701C87D /* CoreFoundation_CFStringEncodingExt.m */,
				DA530C27C78287D9F1D2521D /* CoreFoundation_CFStringTokenizer.h */,
				E70711275B15C481CB1CE8B1 /* CoreFoundation_CFStringTokenizer.m */,
				DE9751766A1D3C3F7AD1499E /* CoreFoundation_CFTimeZone.h */,
				670F62C5A75D181BDAF7AF78 /* CoreFoundation_CFTimeZone.m */,
				EF999B74FE18C5C9BEABC33F /* CoreFoundation_CFTree.h */,
				70D48765A1333A07C302B454 /* CoreFoundation_CFTree.m */,
				E0264FBF95CD016EDBA91273 /* CoreFoundation_CFURL.h */,
				D7540B418698666C9284E173 /* CoreFoundation_CFURL.m */,
				E4FBAA97E00707C45F2CE93F /* CoreFoundation_CFURLAccess.h */,
				905A92BDEC6EC26D0E0AC815 /* CoreFoundation_CFURLAccess.m */,
				3A7199DF417E543FF679E080 /* CoreFoundation_CFURLEnumerator.h */,
				51CFCACD7614237B4AB11154 /* CoreFoundation_CFURLEnumerator.m */,
				159208AFEC184CDF591229CA /* CoreFoundation_CFUUID.h */,
				CA7EE53833E99AEF889DE446 /* CoreFoundation_CFUUID.m */,
				FAB352730BB218B083CBC4B2 /* CoreFoundation_CFUUID_sa */,
				25419C4C008965F09E1DC18A /* CoreFoundation_CFUUID_sr */,
				7158E9721D10F83032422565 /* CoreFoundation_CFUtilities.h */,
				28D80497B7B273991716DDF5 /* CoreFoundation_CFUtilities.m */,
				A92294AE9959F3B0B5D25F35 /* Foundation_NSObject.h */,
				16F2C5A9F38B91DFD26565F3 /* NFICoreFoundation.h */,
				4CE0E5C3435BB29115B50DBB /* NFICoreFoundationLoader.h */,
				773EA3CAC8DBBF2721C4A2CF /* NFICoreFoundationLoader.m */,
				04A916848495AE1363DAE0DF /* allheaders.h */,
				FD1D68BEA490A043D03FD28B /* allincludes.h */,
				EF356C0064EFB9A1A00980AB /* allprotos.h */,
				024842D03DC58A58B1017F9F /* classes */,
				0DA565A59DB3883A0C698848 /* parts */,
				9C23F4D92E533EB474A4DB4C /* parts_sa */,
				DF2D34B7EC6018F4B09B0952 /* parts_sr */,
				4D6B8644237739D40A990E7B /* protocols */,
			);
			path = CoreFoundation/simulator;
			sourceTree = "<group>";
		};
		A161E65C41EEBF05DB6A2874 /* Build */ = {
			isa = PBXGroup;
			children = (
				CB411B0CF16AF479C9B009F2 /* NFISimulator.gyp */,
			);
			name = Build;
			sourceTree = "<group>";
		};
		C0721B21AE4061B1F4477761 /* Products */ = {
			isa = PBXGroup;
			children = (
				AEF7B5ABF9BB5CFEF01D4477 /* NFIUtility.framework */,
				355CF986B16EB8ED8620083D /* NFICoreFoundation.framework */,
			);
			name = Products;
			sourceTree = "<group>";
		};
		DFF48FC583D3EA802FDD6893 /* ../src/NFIUtility */ = {
			isa = PBXGroup;
			children = (
				D38231D0DE33EAFD8C574891 /* CallbackSupport.h */,
				84F39AD2D3ADECCFD10225AC /* CallbackSupport.m */,
				F9597E92125B418E78B2316A /* NFIUtility.h */,
				AB9002AE8A95B090064245AC /* PointerSupport.h */,
				5B10BB9C033D4338C717B2A0 /* PointerSupport.m */,
			);
			path = ../src/NFIUtility;
			sourceTree = "<group>";
		};
/* End PBXGroup section */

/* Begin PBXHeadersBuildPhase section */
		28DB18D2B7B8BA8983EE4863 /* Headers */ = {
			isa = PBXHeadersBuildPhase;
			buildActionMask = 2147483647;
			files = (
				CC7CA5135C111A80C7322152 /* CallbackSupport.h in Headers */,
				152A71A77BC14D15C5FB0670 /* NFIUtility.h in Headers */,
				FC514E5D39E1CB9BBBF4A96E /* PointerSupport.h in Headers */,
			);
			runOnlyForDeploymentPostprocessing = 0;
		};
		6AE9C7F358E01A33AD820639 /* Headers */ = {
			isa = PBXHeadersBuildPhase;
			buildActionMask = 2147483647;
			files = (
				235266C6E81CCC0A48BD67E1 /* NFICoreFoundationLoader.h in Headers */,
				C3F9421FA60DC178F9667AF0 /* NFICoreFoundation.h in Headers */,
			);
			runOnlyForDeploymentPostprocessing = 0;
		};
/* End PBXHeadersBuildPhase section */

/* Begin PBXNativeTarget section */
		0FE49043706C29612933E7BB /* NFICoreFoundation */ = {
			isa = PBXNativeTarget;
			buildConfigurationList = 50C2C42FAFC7406630CF38EF /* Build configuration list for PBXNativeTarget "NFICoreFoundation" */;
			buildPhases = (
				6AE9C7F358E01A33AD820639 /* Headers */,
				0912A06E082F9C41A2C78124 /* Sources */,
				E2AE7655CD946CE6FC629C25 /* Frameworks */,
			);
			buildRules = (
			);
			dependencies = (
				82A94176340EE9752E561AA0 /* PBXTargetDependency */,
			);
			name = NFICoreFoundation;
			productName = NFICoreFoundation;
			productReference = 355CF986B16EB8ED8620083D /* NFICoreFoundation.framework */;
			productType = "com.apple.product-type.framework";
		};
		7C478656A382488D1EB6BD2F /* NFIUtility */ = {
			isa = PBXNativeTarget;
			buildConfigurationList = 6C334771F0ADD50B757FAB8B /* Build configuration list for PBXNativeTarget "NFIUtility" */;
			buildPhases = (
				28DB18D2B7B8BA8983EE4863 /* Headers */,
				1C841735A99CAE009CBE1BA9 /* Sources */,
				BAD57A533763DFA1B0D4B878 /* Frameworks */,
			);
			buildRules = (
			);
			dependencies = (
			);
			name = NFIUtility;
			productName = NFIUtility;
			productReference = AEF7B5ABF9BB5CFEF01D4477 /* NFIUtility.framework */;
			productType = "com.apple.product-type.framework";
		};
/* End PBXNativeTarget section */

/* Begin PBXProject section */
		78CF65CBBBB125367E89804F /* Project object */ = {
			isa = PBXProject;
			attributes = {
				BuildIndependentTargetsInParallel = YES;
			};
			buildConfigurationList = 9F5564CAE6B92DD64C95FD91 /* Build configuration list for PBXProject "NFISimulator" */;
			compatibilityVersion = "Xcode 3.2";
			hasScannedForEncodings = 1;
			mainGroup = 184E53332F8B7AC0FF38AE56;
			projectDirPath = "";
			projectRoot = "";
			targets = (
				C764A808488C77627CCC822E /* All */,
				7C478656A382488D1EB6BD2F /* NFIUtility */,
				0FE49043706C29612933E7BB /* NFICoreFoundation */,
			);
		};
/* End PBXProject section */

/* Begin PBXSourcesBuildPhase section */
		0912A06E082F9C41A2C78124 /* Sources */ = {
			isa = PBXSourcesBuildPhase;
			buildActionMask = 2147483647;
			files = (
				247E87BD35A7D4B960D0494E /* CoreFoundation_CFArray.m in Sources */,
				98A7422CF56E6D1FDF234F1D /* CoreFoundation_CFAttributedString.m in Sources */,
				CBBAAEBCA2EB742956D3458F /* CoreFoundation_CFBag.m in Sources */,
				6CB330A73F3CA217C07B4E94 /* CoreFoundation_CFBase.m in Sources */,
				5833C53DC530306E524978ED /* CoreFoundation_CFBinaryHeap.m in Sources */,
				AA9BA0D8E129B61D4D0C0A02 /* CoreFoundation_CFBitVector.m in Sources */,
				F2720F81F2A73407A9D4C2FC /* CoreFoundation_CFBundle.m in Sources */,
				3F2AB4FB5A47DD0DBBC2794F /* CoreFoundation_CFByteOrder.m in Sources */,
				6F3D7005D968822C50C80CD2 /* CoreFoundation_CFCalendar.m in Sources */,
				D4960F746F693A5202EAB570 /* CoreFoundation_CFCharacterSet.m in Sources */,
				F8BE4DA368E0756DD0BC2003 /* CoreFoundation_CFData.m in Sources */,
				4A043367401BA886D013DD49 /* CoreFoundation_CFDate.m in Sources */,
				FBB6FB0C3AB7E88AC2461CE2 /* CoreFoundation_CFDateFormatter.m in Sources */,
				B4B5DA8DA3BB64F5FF8ED198 /* CoreFoundation_CFDictionary.m in Sources */,
				04541305CC21D65363FFA1F6 /* CoreFoundation_CFError.m in Sources */,
				E11E042F4534E227E5A232DB /* CoreFoundation_CFFileDescriptor.m in Sources */,
				DFB97D44D855DA941F5FCA38 /* CoreFoundation_CFFileSecurity.m in Sources */,
				BCA04F37F8B395E57E04C589 /* CoreFoundation_CFLocale.m in Sources */,
				0F0184FC4345A64EA22CB0E7 /* CoreFoundation_CFMachPort.m in Sources */,
				DFB39398ABD4CA72E14B313E /* CoreFoundation_CFMessagePort.m in Sources */,
				B85EB94EA2F5C0650169E587 /* CoreFoundation_CFNotificationCenter.m in Sources */,
				F3175F236860AAFF6F4963CF /* CoreFoundation_CFNumber.m in Sources */,
				77EBB102DDA5B62EC8C6731F /* CoreFoundation_CFNumberFormatter.m in Sources */,
				6EF580EEE3E62E239DF464A3 /* CoreFoundation_CFPlugIn.m in Sources */,
				0AD7BAC0C5B09D3BE173C48A /* CoreFoundation_CFPreferences.m in Sources */,
				70360A88E3777C29BC034F46 /* CoreFoundation_CFPropertyList.m in Sources */,
				BB663E6813EB136F372E292A /* CoreFoundation_CFRunLoop.m in Sources */,
				DC9C9B4F4584DF40051CB21F /* CoreFoundation_CFSet.m in Sources */,
				D7E9371ECFF674DF9DB1D20E /* CoreFoundation_CFSocket.m in Sources */,
				1C34D98CBE500B4F04990892 /* CoreFoundation_CFStream.m in Sources */,
				C39499BB89E4D8B7354D9655 /* CoreFoundation_CFString.m in Sources */,
				36B8E1479B62D7B65DCD0C9D /* CoreFoundation_CFStringEncodingExt.m in Sources */,
				5D5AEADA042CBEA8DA783A53 /* CoreFoundation_CFStringTokenizer.m in Sources */,
				8AF8D85DABCAAC47B8C59E40 /* CoreFoundation_CFTimeZone.m in Sources */,
				6B1B0F87BC565824DF6DFE9A /* CoreFoundation_CFTree.m in Sources */,
				DFB79AE1ED2EB8D9F0F1D171 /* CoreFoundation_CFURL.m in Sources */,
				20209A30787BB18BF8469E27 /* CoreFoundation_CFURLAccess.m in Sources */,
				16F6BCF44278D63F558EDA85 /* CoreFoundation_CFURLEnumerator.m in Sources */,
				03E70B2BE16229E58E4603AA /* CoreFoundation_CFUUID.m in Sources */,
				84879F3F1FA1B987811FF426 /* CoreFoundation_CFUtilities.m in Sources */,
				A37BA558BE68EEE04CC9D45C /* NFICoreFoundationLoader.m in Sources */,
			);
			runOnlyForDeploymentPostprocessing = 0;
		};
		1C841735A99CAE009CBE1BA9 /* Sources */ = {
			isa = PBXSourcesBuildPhase;
			buildActionMask = 2147483647;
			files = (
				343B1095387BD732C97EE20E /* CallbackSupport.m in Sources */,
				A3DEB1A48A55C1AFB4F1A9E2 /* PointerSupport.m in Sources */,
			);
			runOnlyForDeploymentPostprocessing = 0;
		};
/* End PBXSourcesBuildPhase section */

/* Begin PBXTargetDependency section */
		028C449922C33AC855A105E1 /* PBXTargetDependency */ = {
			isa = PBXTargetDependency;
			target = 0FE49043706C29612933E7BB /* NFICoreFoundation */;
			targetProxy = 27B57CE55F6E10548EE4FA03 /* PBXContainerItemProxy */;
		};
		82A94176340EE9752E561AA0 /* PBXTargetDependency */ = {
			isa = PBXTargetDependency;
			target = 7C478656A382488D1EB6BD2F /* NFIUtility */;
			targetProxy = 754B6F3FD7CBEC1C35BE8EB1 /* PBXContainerItemProxy */;
		};
		F17BCB2155F862E69F9125FE /* PBXTargetDependency */ = {
			isa = PBXTargetDependency;
			target = 7C478656A382488D1EB6BD2F /* NFIUtility */;
			targetProxy = 3308388E460D9187C96B0622 /* PBXContainerItemProxy */;
		};
/* End PBXTargetDependency section */

/* Begin XCBuildConfiguration section */
		3ED9A652977346704DC46370 /* Default */ = {
			isa = XCBuildConfiguration;
			buildSettings = {
				ALWAYS_SEARCH_USER_PATHS = NO;
				CLANG_ENABLE_MODULES = YES;
				CURRENT_PROJECT_VERSION = 1;
				DEFINES_MODULE = YES;
				DYLIB_COMPATIBILITY_VERSION = 1.0.0;
				DYLIB_CURRENT_VERSION = 1.0.0;
				DYLIB_INSTALL_NAME_BASE = "@rpath";
				ENABLE_BITCODE = NO;
				GCC_OPTIMIZATION_LEVEL = 0;
				INFOPLIST_FILE = CoreFoundation/Info.plist;
				OTHER_LDFLAGS = (
					"-weak_framework Foundation -weak_framework CoreFoundation -weak_framework CFNetwork",
					"-weak_framework CoreFoundation",
				);
				PRODUCT_BUNDLE_IDENTIFIER = "com.kony.$(PRODUCT_NAME)";
				PRODUCT_NAME = NFICoreFoundation;
				SDKROOT = iphoneos;
				WRAPPER_PREFIX = "";
			};
			name = Default;
		};
		401EAB3DA3F11FC40896D06F /* Default */ = {
			isa = XCBuildConfiguration;
			buildSettings = {
				INTERMEDIATE_DIR = "$(PROJECT_DERIVED_FILE_DIR)/$(CONFIGURATION)";
				SHARED_INTERMEDIATE_DIR = "$(SYMROOT)/DerivedSources/$(CONFIGURATION)";
			};
			name = Default;
		};
		B2B90B89403B3513D44E4284 /* Default */ = {
			isa = XCBuildConfiguration;
			buildSettings = {
				PRODUCT_NAME = All;
			};
			name = Default;
		};
		C063BCF634847F4A2168AAEF /* Default */ = {
			isa = XCBuildConfiguration;
			buildSettings = {
				ALWAYS_SEARCH_USER_PATHS = NO;
				CLANG_ENABLE_MODULES = YES;
				CURRENT_PROJECT_VERSION = 1;
				DEFINES_MODULE = YES;
				DYLIB_COMPATIBILITY_VERSION = 1.0.0;
				DYLIB_CURRENT_VERSION = 1.0.0;
				DYLIB_INSTALL_NAME_BASE = "@rpath";
				ENABLE_BITCODE = NO;
				GCC_OPTIMIZATION_LEVEL = 0;
				INFOPLIST_FILE = ../src/NFIUtility/Info.plist;
				OTHER_LDFLAGS = "-weak_framework Foundation -weak_framework CoreFoundation -weak_framework CFNetwork";
				PRODUCT_BUNDLE_IDENTIFIER = "com.kony.$(PRODUCT_NAME)";
				PRODUCT_NAME = NFIUtility;
				SDKROOT = iphoneos;
				WRAPPER_PREFIX = "";
			};
			name = Default;
		};
/* End XCBuildConfiguration section */

/* Begin XCConfigurationList section */
		50C2C42FAFC7406630CF38EF /* Build configuration list for PBXNativeTarget "NFICoreFoundation" */ = {
			isa = XCConfigurationList;
			buildConfigurations = (
				3ED9A652977346704DC46370 /* Default */,
			);
			defaultConfigurationIsVisible = 1;
			defaultConfigurationName = Default;
		};
		6C334771F0ADD50B757FAB8B /* Build configuration list for PBXNativeTarget "NFIUtility" */ = {
			isa = XCConfigurationList;
			buildConfigurations = (
				C063BCF634847F4A2168AAEF /* Default */,
			);
			defaultConfigurationIsVisible = 1;
			defaultConfigurationName = Default;
		};
		95DB00CE994EC607C5F2F4A5 /* Build configuration list for PBXAggregateTarget "All" */ = {
			isa = XCConfigurationList;
			buildConfigurations = (
				B2B90B89403B3513D44E4284 /* Default */,
			);
			defaultConfigurationIsVisible = 1;
			defaultConfigurationName = Default;
		};
		9F5564CAE6B92DD64C95FD91 /* Build configuration list for PBXProject "NFISimulator" */ = {
			isa = XCConfigurationList;
			buildConfigurations = (
				401EAB3DA3F11FC40896D06F /* Default */,
			);
			defaultConfigurationIsVisible = 1;
			defaultConfigurationName = Default;
		};
/* End XCConfigurationList section */
	};
	rootObject = 78CF65CBBBB125367E89804F /* Project object */;
}
